
Microsoft Visual Studio Solution File, Format Version 12.00
# Visual Studio Version 16
VisualStudioVersion = 16.0.28803.202
MinimumVisualStudioVersion = 10.0.40219.1
Project("{8BC9CEB8-8B4A-11D0-8D11-00A0C91BC942}") = "HW_11", "HW_11.vcxproj", "{7BF2A18E-D656-44F3-84FC-3984DDF73D24}"
EndProject
Global
	GlobalSection(SolutionConfigurationPlatforms) = preSolution
		Debug|x64 = Debug|x64
		Debug|x86 = Debug|x86
		Release|x64 = Release|x64
		Release|x86 = Release|x86
	EndGlobalSection
	GlobalSection(ProjectConfigurationPlatforms) = postSolution
		{7BF2A18E-D656-44F3-84FC-3984DDF73D24}.Debug|x64.ActiveCfg = Debug|x64
		{7BF2A18E-D656-44F3-84FC-3984DDF73D24}.Debug|x64.Build.0 = Debug|x64
		{7BF2A18E-D656-44F3-84FC-3984DDF73D24}.Debug|x86.ActiveCfg = Debug|Win32
		{7BF2A18E-D656-44F3-84FC-3984DDF73D24}.Debug|x86.Build.0 = Debug|Win32
		{7BF2A18E-D656-44F3-84FC-3984DDF73D24}.Release|x64.ActiveCfg = Release|x64
		{7BF2A18E-D656-44F3-84FC-3984DDF73D24}.Release|x64.Build.0 = Release|x64
		{7BF2A18E-D656-44F3-84FC-3984DDF73D24}.Release|x86.ActiveCfg = Release|Win32
		{7BF2A18E-D656-44F3-84FC-3984DDF73D24}.Release|x86.Build.0 = Release|Win32
	EndGlobalSection
	GlobalSection(SolutionProperties) = preSolution
		HideSolutionNode = FALSE
	EndGlobalSection
	GlobalSection(ExtensibilityGlobals) = postSolution
		SolutionGuid = {91C2AD6A-B74C-40A1-B7A4-23905EE203A5}
	EndGlobalSection
EndGlobal
